
Microsoft Visual Studio Solution File, Format Version 12.00
# Visual Studio Version 17
VisualStudioVersion = 17.1.32228.430
MinimumVisualStudioVersion = 10.0.40219.1
Project("{8BC9CEB8-8B4A-11D0-8D11-00A0C91BC942}") = "hw_6.1", "hw_6.1\hw_6.1.vcxproj", "{DE124FA4-7F7E-404E-B6A2-7D231FE69DAE}"
EndProject
Global
	GlobalSection(SolutionConfigurationPlatforms) = preSolution
		Debug|x64 = Debug|x64
		Debug|x86 = Debug|x86
		Release|x64 = Release|x64
		Release|x86 = Release|x86
	EndGlobalSection
	GlobalSection(ProjectConfigurationPlatforms) = postSolution
		{DE124FA4-7F7E-404E-B6A2-7D231FE69DAE}.Debug|x64.ActiveCfg = Debug|x64
		{DE124FA4-7F7E-404E-B6A2-7D231FE69DAE}.Debug|x64.Build.0 = Debug|x64
		{DE124FA4-7F7E-404E-B6A2-7D231FE69DAE}.Debug|x86.ActiveCfg = Debug|Win32
		{DE124FA4-7F7E-404E-B6A2-7D231FE69DAE}.Debug|x86.Build.0 = Debug|Win32
		{DE124FA4-7F7E-404E-B6A2-7D231FE69DAE}.Release|x64.ActiveCfg = Release|x64
		{DE124FA4-7F7E-404E-B6A2-7D231FE69DAE}.Release|x64.Build.0 = Release|x64
		{DE124FA4-7F7E-404E-B6A2-7D231FE69DAE}.Release|x86.ActiveCfg = Release|Win32
		{DE124FA4-7F7E-404E-B6A2-7D231FE69DAE}.Release|x86.Build.0 = Release|Win32
	EndGlobalSection
	GlobalSection(SolutionProperties) = preSolution
		HideSolutionNode = FALSE
	EndGlobalSection
	GlobalSection(ExtensibilityGlobals) = postSolution
		SolutionGuid = {3F9EDE28-4116-4F3A-909C-52FF6B5B5CB8}
	EndGlobalSection
EndGlobal
